<?xml version="1.0" encoding="utf-8"?>
<Project ToolsVersion="4.0" xmlns="http://schemas.microsoft.com/developer/msbuild/2003">
  <ItemGroup>
    <Filter Include="Test">
      <UniqueIdentifier>{1b3108ff-a9aa-4e82-8156-118275401080}</UniqueIdentifier>
    </Filter>
    <Filter Include="Implement">
      <UniqueIdentifier>{ae2b173f-895c-4536-81f0-7a22f865d52d}</UniqueIdentifier>
    </Filter>
    <Filter Include="Header">
      <UniqueIdentifier>{93995380-89BD-4b04-88EB-625FBE52EBFB}</UniqueIdentifier>
      <Extensions>h;hh;hpp;hxx;hm;inl;inc;xsd</Extensions>
    </Filter>
    <Filter Include="Resource">
      <UniqueIdentifier>{4FC737F1-C7A5-4376-A066-2A32D752A2FF}</UniqueIdentifier>
      <Extensions>cpp;c;cc;cxx;def;odl;idl;hpj;bat;asm;asmx</Extensions>
    </Filter>
    <Filter Include="Source">
      <UniqueIdentifier>{67DA6AB6-F800-4c08-8B7A-83BB121AAD01}</UniqueIdentifier>
      <Extensions>rc;ico;cur;bmp;dlg;rc2;rct;bin;rgs;gif;jpg;jpeg;jpe;resx;tiff;tif;png;wav;mfcribbon-ms</Extensions>
    </Filter>
  </ItemGroup>
  <ItemGroup>
    <ClCompile Include="main.cpp">
      <Filter>Resource</Filter>
    </ClCompile>
    <ClCompile Include="Include\MikuString.cpp">
      <Filter>Implement</Filter>
    </ClCompile>
    <ClCompile Include="Include\MikuList.impl.h">
      <Filter>Implement</Filter>
    </ClCompile>
    <ClCompile Include="Include\MikuVector.impl.h">
      <Filter>Implement</Filter>
    </ClCompile>
    <ClCompile Include="Include\MikuArray.impl.h">
      <Filter>Implement</Filter>
    </ClCompile>
  </ItemGroup>
  <ItemGroup>
    <ClInclude Include="Test\testString.hpp">
      <Filter>Test</Filter>
    </ClInclude>
    <ClInclude Include="Test\testHeader.hpp">
      <Filter>Test</Filter>
    </ClInclude>
    <ClInclude Include="Test\testVector.hpp">
      <Filter>Test</Filter>
    </ClInclude>
    <ClInclude Include="Test\testAlloc.hpp">
      <Filter>Test</Filter>
    </ClInclude>
    <ClInclude Include="Test\testList.hpp">
      <Filter>Test</Filter>
    </ClInclude>
    <ClInclude Include="Include\MikuVector.h">
      <Filter>Header</Filter>
    </ClInclude>
    <ClInclude Include="Include\MikuString.h">
      <Filter>Header</Filter>
    </ClInclude>
    <ClInclude Include="Include\MikuList.h">
      <Filter>Header</Filter>
    </ClInclude>
    <ClInclude Include="Include\MikuIterator.h">
      <Filter>Header</Filter>
    </ClInclude>
    <ClInclude Include="Include\MikuArray.h">
      <Filter>Header</Filter>
    </ClInclude>
    <ClInclude Include="Include\MikuAllocTraits.h">
      <Filter>Header</Filter>
    </ClInclude>
    <ClInclude Include="Include\MikuAllocator.h">
      <Filter>Header</Filter>
    </ClInclude>
    <ClInclude Include="Test\TestListPerformance.hpp">
      <Filter>Test</Filter>
    </ClInclude>
    <ClInclude Include="Test\TestVectorPerformance.hpp">
      <Filter>Test</Filter>
    </ClInclude>
    <ClInclude Include="Test\testArray.hpp">
      <Filter>Test</Filter>
    </ClInclude>
  </ItemGroup>
  <ItemGroup>
    <None Include="ClassDiagram.cd" />
  </ItemGroup>
</Project>